
Microsoft Visual Studio Solution File, Format Version 12.00
# Visual Studio Version 17
VisualStudioVersion = 17.1.32104.313
MinimumVisualStudioVersion = 10.0.40219.1
Project("{2150E333-8FDC-42A3-9474-1A3956D46DE8}") = "Solution Items", "Solution Items", "{1E446887-593F-44EA-8F13-A7E67E145A6A}"
	ProjectSection(SolutionItems) = preProject
		reference\fpdf_annot_embeddertest.cpp = reference\fpdf_annot_embeddertest.cpp
		reference\fpdf_edit_embeddertest.cpp = reference\fpdf_edit_embeddertest.cpp
	EndProjectSection
EndProject
Project("{2150E333-8FDC-42A3-9474-1A3956D46DE8}") = "NativeAssets", "NativeAssets", "{CA709FA7-E6F9-41B0-9B7C-B6B179F59F90}"
EndProject
Project("{2150E333-8FDC-42A3-9474-1A3956D46DE8}") = "Demos", "Demos", "{A79DA3C8-5724-4AAC-BA74-8CD98C9AC9D0}"
EndProject
Project("{9A19103F-16F7-4668-BE54-9A1E7A4F7556}") = "ApplePDF.NativeAssets.net6iOS", "ApplePDF.NativeAssets.iOS\ApplePDF.NativeAssets.net6iOS.csproj", "{290A2EB5-F7CD-42E6-8992-AA2EFCFCEBE4}"
EndProject
Project("{9A19103F-16F7-4668-BE54-9A1E7A4F7556}") = "ApplePDF.Demo.iOS", "ApplePDF.Demo.iOS\ApplePDF.Demo.iOS.csproj", "{22F5F342-A602-405D-81A1-8F490CAEBD7E}"
EndProject
Global
	GlobalSection(SolutionConfigurationPlatforms) = preSolution
		Ad-Hoc|Any CPU = Ad-Hoc|Any CPU
		Ad-Hoc|iPhone = Ad-Hoc|iPhone
		Ad-Hoc|iPhoneSimulator = Ad-Hoc|iPhoneSimulator
		AppStore|Any CPU = AppStore|Any CPU
		AppStore|iPhone = AppStore|iPhone
		AppStore|iPhoneSimulator = AppStore|iPhoneSimulator
		Debug|Any CPU = Debug|Any CPU
		Debug|iPhone = Debug|iPhone
		Debug|iPhoneSimulator = Debug|iPhoneSimulator
		Release|Any CPU = Release|Any CPU
		Release|iPhone = Release|iPhone
		Release|iPhoneSimulator = Release|iPhoneSimulator
	EndGlobalSection
	GlobalSection(ProjectConfigurationPlatforms) = postSolution
		{290A2EB5-F7CD-42E6-8992-AA2EFCFCEBE4}.Ad-Hoc|Any CPU.ActiveCfg = Debug|Any CPU
		{290A2EB5-F7CD-42E6-8992-AA2EFCFCEBE4}.Ad-Hoc|Any CPU.Build.0 = Debug|Any CPU
		{290A2EB5-F7CD-42E6-8992-AA2EFCFCEBE4}.Ad-Hoc|iPhone.ActiveCfg = Debug|Any CPU
		{290A2EB5-F7CD-42E6-8992-AA2EFCFCEBE4}.Ad-Hoc|iPhone.Build.0 = Debug|Any CPU
		{290A2EB5-F7CD-42E6-8992-AA2EFCFCEBE4}.Ad-Hoc|iPhoneSimulator.ActiveCfg = Debug|Any CPU
		{290A2EB5-F7CD-42E6-8992-AA2EFCFCEBE4}.Ad-Hoc|iPhoneSimulator.Build.0 = Debug|Any CPU
		{290A2EB5-F7CD-42E6-8992-AA2EFCFCEBE4}.AppStore|Any CPU.ActiveCfg = Debug|Any CPU
		{290A2EB5-F7CD-42E6-8992-AA2EFCFCEBE4}.AppStore|Any CPU.Build.0 = Debug|Any CPU
		{290A2EB5-F7CD-42E6-8992-AA2EFCFCEBE4}.AppStore|iPhone.ActiveCfg = Debug|Any CPU
		{290A2EB5-F7CD-42E6-8992-AA2EFCFCEBE4}.AppStore|iPhone.Build.0 = Debug|Any CPU
		{290A2EB5-F7CD-42E6-8992-AA2EFCFCEBE4}.AppStore|iPhoneSimulator.ActiveCfg = Debug|Any CPU
		{290A2EB5-F7CD-42E6-8992-AA2EFCFCEBE4}.AppStore|iPhoneSimulator.Build.0 = Debug|Any CPU
		{290A2EB5-F7CD-42E6-8992-AA2EFCFCEBE4}.Debug|Any CPU.ActiveCfg = Debug|Any CPU
		{290A2EB5-F7CD-42E6-8992-AA2EFCFCEBE4}.Debug|Any CPU.Build.0 = Debug|Any CPU
		{290A2EB5-F7CD-42E6-8992-AA2EFCFCEBE4}.Debug|iPhone.ActiveCfg = Debug|Any CPU
		{290A2EB5-F7CD-42E6-8992-AA2EFCFCEBE4}.Debug|iPhone.Build.0 = Debug|Any CPU
		{290A2EB5-F7CD-42E6-8992-AA2EFCFCEBE4}.Debug|iPhoneSimulator.ActiveCfg = Debug|Any CPU
		{290A2EB5-F7CD-42E6-8992-AA2EFCFCEBE4}.Debug|iPhoneSimulator.Build.0 = Debug|Any CPU
		{290A2EB5-F7CD-42E6-8992-AA2EFCFCEBE4}.Release|Any CPU.ActiveCfg = Release|Any CPU
		{290A2EB5-F7CD-42E6-8992-AA2EFCFCEBE4}.Release|Any CPU.Build.0 = Release|Any CPU
		{290A2EB5-F7CD-42E6-8992-AA2EFCFCEBE4}.Release|iPhone.ActiveCfg = Release|Any CPU
		{290A2EB5-F7CD-42E6-8992-AA2EFCFCEBE4}.Release|iPhone.Build.0 = Release|Any CPU
		{290A2EB5-F7CD-42E6-8992-AA2EFCFCEBE4}.Release|iPhoneSimulator.ActiveCfg = Release|Any CPU
		{290A2EB5-F7CD-42E6-8992-AA2EFCFCEBE4}.Release|iPhoneSimulator.Build.0 = Release|Any CPU
		{22F5F342-A602-405D-81A1-8F490CAEBD7E}.Ad-Hoc|Any CPU.ActiveCfg = Debug|Any CPU
		{22F5F342-A602-405D-81A1-8F490CAEBD7E}.Ad-Hoc|Any CPU.Build.0 = Debug|Any CPU
		{22F5F342-A602-405D-81A1-8F490CAEBD7E}.Ad-Hoc|Any CPU.Deploy.0 = Debug|Any CPU
		{22F5F342-A602-405D-81A1-8F490CAEBD7E}.Ad-Hoc|iPhone.ActiveCfg = Debug|Any CPU
		{22F5F342-A602-405D-81A1-8F490CAEBD7E}.Ad-Hoc|iPhone.Build.0 = Debug|Any CPU
		{22F5F342-A602-405D-81A1-8F490CAEBD7E}.Ad-Hoc|iPhone.Deploy.0 = Debug|Any CPU
		{22F5F342-A602-405D-81A1-8F490CAEBD7E}.Ad-Hoc|iPhoneSimulator.ActiveCfg = Debug|Any CPU
		{22F5F342-A602-405D-81A1-8F490CAEBD7E}.Ad-Hoc|iPhoneSimulator.Build.0 = Debug|Any CPU
		{22F5F342-A602-405D-81A1-8F490CAEBD7E}.Ad-Hoc|iPhoneSimulator.Deploy.0 = Debug|Any CPU
		{22F5F342-A602-405D-81A1-8F490CAEBD7E}.AppStore|Any CPU.ActiveCfg = Debug|Any CPU
		{22F5F342-A602-405D-81A1-8F490CAEBD7E}.AppStore|Any CPU.Build.0 = Debug|Any CPU
		{22F5F342-A602-405D-81A1-8F490CAEBD7E}.AppStore|Any CPU.Deploy.0 = Debug|Any CPU
		{22F5F342-A602-405D-81A1-8F490CAEBD7E}.AppStore|iPhone.ActiveCfg = Debug|Any CPU
		{22F5F342-A602-405D-81A1-8F490CAEBD7E}.AppStore|iPhone.Build.0 = Debug|Any CPU
		{22F5F342-A602-405D-81A1-8F490CAEBD7E}.AppStore|iPhone.Deploy.0 = Debug|Any CPU
		{22F5F342-A602-405D-81A1-8F490CAEBD7E}.AppStore|iPhoneSimulator.ActiveCfg = Debug|Any CPU
		{22F5F342-A602-405D-81A1-8F490CAEBD7E}.AppStore|iPhoneSimulator.Build.0 = Debug|Any CPU
		{22F5F342-A602-405D-81A1-8F490CAEBD7E}.AppStore|iPhoneSimulator.Deploy.0 = Debug|Any CPU
		{22F5F342-A602-405D-81A1-8F490CAEBD7E}.Debug|Any CPU.ActiveCfg = Debug|Any CPU
		{22F5F342-A602-405D-81A1-8F490CAEBD7E}.Debug|Any CPU.Build.0 = Debug|Any CPU
		{22F5F342-A602-405D-81A1-8F490CAEBD7E}.Debug|Any CPU.Deploy.0 = Debug|Any CPU
		{22F5F342-A602-405D-81A1-8F490CAEBD7E}.Debug|iPhone.ActiveCfg = Debug|Any CPU
		{22F5F342-A602-405D-81A1-8F490CAEBD7E}.Debug|iPhone.Build.0 = Debug|Any CPU
		{22F5F342-A602-405D-81A1-8F490CAEBD7E}.Debug|iPhone.Deploy.0 = Debug|Any CPU
		{22F5F342-A602-405D-81A1-8F490CAEBD7E}.Debug|iPhoneSimulator.ActiveCfg = Debug|Any CPU
		{22F5F342-A602-405D-81A1-8F490CAEBD7E}.Debug|iPhoneSimulator.Build.0 = Debug|Any CPU
		{22F5F342-A602-405D-81A1-8F490CAEBD7E}.Debug|iPhoneSimulator.Deploy.0 = Debug|Any CPU
		{22F5F342-A602-405D-81A1-8F490CAEBD7E}.Release|Any CPU.ActiveCfg = Release|Any CPU
		{22F5F342-A602-405D-81A1-8F490CAEBD7E}.Release|Any CPU.Build.0 = Release|Any CPU
		{22F5F342-A602-405D-81A1-8F490CAEBD7E}.Release|Any CPU.Deploy.0 = Release|Any CPU
		{22F5F342-A602-405D-81A1-8F490CAEBD7E}.Release|iPhone.ActiveCfg = Release|Any CPU
		{22F5F342-A602-405D-81A1-8F490CAEBD7E}.Release|iPhone.Build.0 = Release|Any CPU
		{22F5F342-A602-405D-81A1-8F490CAEBD7E}.Release|iPhone.Deploy.0 = Release|Any CPU
		{22F5F342-A602-405D-81A1-8F490CAEBD7E}.Release|iPhoneSimulator.ActiveCfg = Release|Any CPU
		{22F5F342-A602-405D-81A1-8F490CAEBD7E}.Release|iPhoneSimulator.Build.0 = Release|Any CPU
		{22F5F342-A602-405D-81A1-8F490CAEBD7E}.Release|iPhoneSimulator.Deploy.0 = Release|Any CPU
	EndGlobalSection
	GlobalSection(SolutionProperties) = preSolution
		HideSolutionNode = FALSE
	EndGlobalSection
	GlobalSection(NestedProjects) = preSolution
		{290A2EB5-F7CD-42E6-8992-AA2EFCFCEBE4} = {CA709FA7-E6F9-41B0-9B7C-B6B179F59F90}
		{22F5F342-A602-405D-81A1-8F490CAEBD7E} = {A79DA3C8-5724-4AAC-BA74-8CD98C9AC9D0}
	EndGlobalSection
	GlobalSection(ExtensibilityGlobals) = postSolution
		SolutionGuid = {0D6347B5-A631-4C62-947A-E25BD6C3586C}
	EndGlobalSection
EndGlobal
